
Microsoft Visual Studio Solution File, Format Version 12.00
# Visual Studio 15
VisualStudioVersion = 15.0.27703.2000
MinimumVisualStudioVersion = 10.0.40219.1
Project("{FAE04EC0-301F-11D3-BF4B-00C04F79EFBC}") = "MantisBase2Saycao", "MantisBase2Saycao\MantisBase2Saycao.csproj", "{61259DFE-186D-473E-B5CB-97D5B1E983C9}"
EndProject
Global
	GlobalSection(SolutionConfigurationPlatforms) = preSolution
		Debug|Any CPU = Debug|Any CPU
		Release|Any CPU = Release|Any CPU
	EndGlobalSection
	GlobalSection(ProjectConfigurationPlatforms) = postSolution
		{61259DFE-186D-473E-B5CB-97D5B1E983C9}.Debug|Any CPU.ActiveCfg = Debug|Any CPU
		{61259DFE-186D-473E-B5CB-97D5B1E983C9}.Debug|Any CPU.Build.0 = Debug|Any CPU
		{61259DFE-186D-473E-B5CB-97D5B1E983C9}.Release|Any CPU.ActiveCfg = Release|Any CPU
		{61259DFE-186D-473E-B5CB-97D5B1E983C9}.Release|Any CPU.Build.0 = Release|Any CPU
	EndGlobalSection
	GlobalSection(SolutionProperties) = preSolution
		HideSolutionNode = FALSE
	EndGlobalSection
	GlobalSection(ExtensibilityGlobals) = postSolution
		SolutionGuid = {C040FC81-2B1C-4664-8ACD-CBEB5CFBCB5B}
	EndGlobalSection
EndGlobal
